
Microsoft Visual Studio Solution File, Format Version 9.00
# Visual Studio 2005
Project("{FAE04EC0-301F-11D3-BF4B-00C04F79EFBC}") = "сети_лаб2", "сети_лаб2\сети_лаб2.csproj", "{F307ADB9-B312-4C03-900C-6EA1F059F45E}"
EndProject
Global
	GlobalSection(SolutionConfigurationPlatforms) = preSolution
		Debug|Any CPU = Debug|Any CPU
		Release|Any CPU = Release|Any CPU
	EndGlobalSection
	GlobalSection(ProjectConfigurationPlatforms) = postSolution
		{F307ADB9-B312-4C03-900C-6EA1F059F45E}.Debug|Any CPU.ActiveCfg = Debug|Any CPU
		{F307ADB9-B312-4C03-900C-6EA1F059F45E}.Debug|Any CPU.Build.0 = Debug|Any CPU
		{F307ADB9-B312-4C03-900C-6EA1F059F45E}.Release|Any CPU.ActiveCfg = Release|Any CPU
		{F307ADB9-B312-4C03-900C-6EA1F059F45E}.Release|Any CPU.Build.0 = Release|Any CPU
	EndGlobalSection
	GlobalSection(SolutionProperties) = preSolution
		HideSolutionNode = FALSE
	EndGlobalSection
EndGlobal
